
Microsoft Visual Studio Solution File, Format Version 12.00
# Visual Studio Version 16
VisualStudioVersion = 16.0.810.22
MinimumVisualStudioVersion = 10.0.40219.1
Project("{FAE04EC0-301F-11D3-BF4B-00C04F79EFBC}") = "game_find_gold", "game\game_find_gold.csproj", "{B72E79A5-3469-467B-BE1C-3B12644FA713}"
EndProject
Global
	GlobalSection(SolutionConfigurationPlatforms) = preSolution
		Debug|Any CPU = Debug|Any CPU
		Release|Any CPU = Release|Any CPU
	EndGlobalSection
	GlobalSection(ProjectConfigurationPlatforms) = postSolution
		{B72E79A5-3469-467B-BE1C-3B12644FA713}.Debug|Any CPU.ActiveCfg = Debug|Any CPU
		{B72E79A5-3469-467B-BE1C-3B12644FA713}.Debug|Any CPU.Build.0 = Debug|Any CPU
		{B72E79A5-3469-467B-BE1C-3B12644FA713}.Release|Any CPU.ActiveCfg = Release|Any CPU
		{B72E79A5-3469-467B-BE1C-3B12644FA713}.Release|Any CPU.Build.0 = Release|Any CPU
	EndGlobalSection
	GlobalSection(SolutionProperties) = preSolution
		HideSolutionNode = FALSE
	EndGlobalSection
	GlobalSection(ExtensibilityGlobals) = postSolution
		SolutionGuid = {9288E023-A714-492A-BA8E-2E8368EE5E65}
	EndGlobalSection
EndGlobal
